
Microsoft Visual Studio Solution File, Format Version 12.00
# Visual Studio Version 17
VisualStudioVersion = 17.11.35303.130
MinimumVisualStudioVersion = 10.0.40219.1
Project("{9A19103F-16F7-4668-BE54-9A1E7A4F7556}") = "VictorRuiz_Examen", "VictorRuiz_Examen\VictorRuiz_Examen.csproj", "{964DE4D1-5744-4F04-95F8-091B26DB4831}"
EndProject
Global
	GlobalSection(SolutionConfigurationPlatforms) = preSolution
		Debug|Any CPU = Debug|Any CPU
		Release|Any CPU = Release|Any CPU
	EndGlobalSection
	GlobalSection(ProjectConfigurationPlatforms) = postSolution
		{964DE4D1-5744-4F04-95F8-091B26DB4831}.Debug|Any CPU.ActiveCfg = Debug|Any CPU
		{964DE4D1-5744-4F04-95F8-091B26DB4831}.Debug|Any CPU.Build.0 = Debug|Any CPU
		{964DE4D1-5744-4F04-95F8-091B26DB4831}.Release|Any CPU.ActiveCfg = Release|Any CPU
		{964DE4D1-5744-4F04-95F8-091B26DB4831}.Release|Any CPU.Build.0 = Release|Any CPU
	EndGlobalSection
	GlobalSection(SolutionProperties) = preSolution
		HideSolutionNode = FALSE
	EndGlobalSection
	GlobalSection(ExtensibilityGlobals) = postSolution
		SolutionGuid = {ED67E64B-3C34-430E-B657-60FB69366911}
	EndGlobalSection
EndGlobal
